{
  "name": "hugo-theme-qyl",
  "version": "1.0.0",
  "lockfileVersion": 1,
  "requires": true,
  "dependencies": {
    "@ibm/plex": {
      "version": "5.0.0",
      "resolved": "https://registry.npmjs.org/@ibm/plex/-/plex-5.0.0.tgz",
      "integrity": "sha512-I5WEKNNpg7x0f1CYSB3YRQ8j0wrt8pLy9H5fo7h0FF56LBiFR9CCdY/HzZcNU3wPgI0V9J2k2oI5X8WUZmS5rA=="
    },
    "normalize.css": {
      "version": "8.0.1",
      "resolved": "https://registry.npmjs.org/normalize.css/-/normalize.css-8.0.1.tgz",
      "integrity": "sha512-qizSNPO93t1YUuUhP22btGOo3chcvDFqFaj2TRybP0DMxkHOCTYwp3n34fel4a31ORXy4m1Xq0Gyqpb5m33qIg=="
    }
  }
}
